
Microsoft Visual Studio Solution File, Format Version 12.00
# Visual Studio Version 17
VisualStudioVersion = 17.8.34511.84
MinimumVisualStudioVersion = 10.0.40219.1
Project("{9A19103F-16F7-4668-BE54-9A1E7A4F7556}") = "QBCH_api", "QBCH_api\QBCH_api.csproj", "{FD512446-D48E-4C31-92A8-424C588DE316}"
EndProject
Project("{2150E333-8FDC-42A3-9474-1A3956D46DE8}") = "UI", "UI", "{36D591C7-65C7-A0D1-1CBC-10CDE441BDC8}"
EndProject
Project("{2150E333-8FDC-42A3-9474-1A3956D46DE8}") = "Infrastructure", "Infrastructure", "{AE4A76E0-8F44-4C17-9EF2-896BDE6F8CCC}"
EndProject
Project("{2150E333-8FDC-42A3-9474-1A3956D46DE8}") = "Core", "Core", "{CAE5C7FA-18F9-4228-A78E-05AD6A7996F5}"
EndProject
Project("{FAE04EC0-301F-11D3-BF4B-00C04F79EFBC}") = "Application_lib", "Application_lib\Application_lib.csproj", "{9C95EF5A-A3EB-4DE7-BBE5-04782B8BA17F}"
EndProject
Project("{FAE04EC0-301F-11D3-BF4B-00C04F79EFBC}") = "Domain", "Domain\Domain.csproj", "{01B9D4D3-5670-4F08-8466-32D9865C79A4}"
EndProject
Project("{FAE04EC0-301F-11D3-BF4B-00C04F79EFBC}") = "Services_lib", "Services_lib\Services_lib.csproj", "{33FFC748-DE18-42BD-AFA0-B200F76E5DB1}"
EndProject
Project("{FAE04EC0-301F-11D3-BF4B-00C04F79EFBC}") = "Adapters_lib", "Adapters_lib\Adapters_lib.csproj", "{922D223B-5692-4DCA-9EAB-4314ABCC11C2}"
EndProject
Global
	GlobalSection(SolutionConfigurationPlatforms) = preSolution
		Debug|Any CPU = Debug|Any CPU
		Release|Any CPU = Release|Any CPU
	EndGlobalSection
	GlobalSection(ProjectConfigurationPlatforms) = postSolution
		{FD512446-D48E-4C31-92A8-424C588DE316}.Debug|Any CPU.ActiveCfg = Debug|Any CPU
		{FD512446-D48E-4C31-92A8-424C588DE316}.Debug|Any CPU.Build.0 = Debug|Any CPU
		{FD512446-D48E-4C31-92A8-424C588DE316}.Release|Any CPU.ActiveCfg = Release|Any CPU
		{FD512446-D48E-4C31-92A8-424C588DE316}.Release|Any CPU.Build.0 = Release|Any CPU
		{9C95EF5A-A3EB-4DE7-BBE5-04782B8BA17F}.Debug|Any CPU.ActiveCfg = Debug|Any CPU
		{9C95EF5A-A3EB-4DE7-BBE5-04782B8BA17F}.Debug|Any CPU.Build.0 = Debug|Any CPU
		{9C95EF5A-A3EB-4DE7-BBE5-04782B8BA17F}.Release|Any CPU.ActiveCfg = Release|Any CPU
		{9C95EF5A-A3EB-4DE7-BBE5-04782B8BA17F}.Release|Any CPU.Build.0 = Release|Any CPU
		{01B9D4D3-5670-4F08-8466-32D9865C79A4}.Debug|Any CPU.ActiveCfg = Debug|Any CPU
		{01B9D4D3-5670-4F08-8466-32D9865C79A4}.Debug|Any CPU.Build.0 = Debug|Any CPU
		{01B9D4D3-5670-4F08-8466-32D9865C79A4}.Release|Any CPU.ActiveCfg = Release|Any CPU
		{01B9D4D3-5670-4F08-8466-32D9865C79A4}.Release|Any CPU.Build.0 = Release|Any CPU
		{33FFC748-DE18-42BD-AFA0-B200F76E5DB1}.Debug|Any CPU.ActiveCfg = Debug|Any CPU
		{33FFC748-DE18-42BD-AFA0-B200F76E5DB1}.Debug|Any CPU.Build.0 = Debug|Any CPU
		{33FFC748-DE18-42BD-AFA0-B200F76E5DB1}.Release|Any CPU.ActiveCfg = Release|Any CPU
		{33FFC748-DE18-42BD-AFA0-B200F76E5DB1}.Release|Any CPU.Build.0 = Release|Any CPU
		{922D223B-5692-4DCA-9EAB-4314ABCC11C2}.Debug|Any CPU.ActiveCfg = Debug|Any CPU
		{922D223B-5692-4DCA-9EAB-4314ABCC11C2}.Debug|Any CPU.Build.0 = Debug|Any CPU
		{922D223B-5692-4DCA-9EAB-4314ABCC11C2}.Release|Any CPU.ActiveCfg = Release|Any CPU
		{922D223B-5692-4DCA-9EAB-4314ABCC11C2}.Release|Any CPU.Build.0 = Release|Any CPU
	EndGlobalSection
	GlobalSection(SolutionProperties) = preSolution
		HideSolutionNode = FALSE
	EndGlobalSection
	GlobalSection(NestedProjects) = preSolution
		{FD512446-D48E-4C31-92A8-424C588DE316} = {36D591C7-65C7-A0D1-1CBC-10CDE441BDC8}
		{9C95EF5A-A3EB-4DE7-BBE5-04782B8BA17F} = {CAE5C7FA-18F9-4228-A78E-05AD6A7996F5}
		{01B9D4D3-5670-4F08-8466-32D9865C79A4} = {CAE5C7FA-18F9-4228-A78E-05AD6A7996F5}
		{33FFC748-DE18-42BD-AFA0-B200F76E5DB1} = {AE4A76E0-8F44-4C17-9EF2-896BDE6F8CCC}
		{922D223B-5692-4DCA-9EAB-4314ABCC11C2} = {AE4A76E0-8F44-4C17-9EF2-896BDE6F8CCC}
	EndGlobalSection
	GlobalSection(ExtensibilityGlobals) = postSolution
		SolutionGuid = {95F3993F-CF90-4BA4-8CF8-66945D753CCD}
	EndGlobalSection
EndGlobal
