
Microsoft Visual Studio Solution File, Format Version 12.00
# Visual Studio Version 18
VisualStudioVersion = 18.3.11520.95 d18.3
MinimumVisualStudioVersion = 10.0.40219.1
Project("{9A19103F-16F7-4668-BE54-9A1E7A4F7556}") = "QBCH_api", "QBCH_api\QBCH_api.csproj", "{FD512446-D48E-4C31-92A8-424C588DE316}"
EndProject
Project("{9A19103F-16F7-4668-BE54-9A1E7A4F7556}") = "QBCH_lib", "qbch_lib\qbch_lib.csproj", "{8BA18FE7-D8A1-4DB1-B664-9538D6AE0445}"
EndProject
Project("{9A19103F-16F7-4668-BE54-9A1E7A4F7556}") = "XmlService_lib", "XmlService_lib\XmlService_lib.csproj", "{86810F4F-936F-41AD-AA96-DB891D8417EC}"
EndProject
Project("{9A19103F-16F7-4668-BE54-9A1E7A4F7556}") = "Crypto_lib", "crypro_lib\Crypto_lib.csproj", "{38DFB401-91A5-436F-8591-D2033FB19365}"
EndProject
Project("{9A19103F-16F7-4668-BE54-9A1E7A4F7556}") = "Qbch_db_lib", "qbch_db_lib\Qbch_db_lib.csproj", "{3BE9458F-2C64-43AF-836B-6FD375E1EF94}"
EndProject
Project("{9A19103F-16F7-4668-BE54-9A1E7A4F7556}") = "KafkaService_lib", "KafkaService_lib\KafkaService_lib.csproj", "{D50E9745-76DD-4238-9485-B475E7BE4901}"
EndProject
Project("{9A19103F-16F7-4668-BE54-9A1E7A4F7556}") = "QBCHService_lib", "QBCH_service_lib\QBCHService_lib.csproj", "{661F3806-5053-4F3B-9978-094A09C2EFED}"
EndProject
Project("{9A19103F-16F7-4668-BE54-9A1E7A4F7556}") = "Cache_lib", "Cache_lib\Cache_lib.csproj", "{25EF8295-CA10-428C-AA0F-4B44DCEDEDDE}"
EndProject
Project("{FAE04EC0-301F-11D3-BF4B-00C04F79EFBC}") = "CertManagement", "CertManagement\CertManagement.csproj", "{17ED9F39-E1E5-499D-AABE-C1765ADE3C69}"
EndProject
Global
	GlobalSection(SolutionConfigurationPlatforms) = preSolution
		Debug|Any CPU = Debug|Any CPU
		Release|Any CPU = Release|Any CPU
	EndGlobalSection
	GlobalSection(ProjectConfigurationPlatforms) = postSolution
		{FD512446-D48E-4C31-92A8-424C588DE316}.Debug|Any CPU.ActiveCfg = Debug|Any CPU
		{FD512446-D48E-4C31-92A8-424C588DE316}.Debug|Any CPU.Build.0 = Debug|Any CPU
		{FD512446-D48E-4C31-92A8-424C588DE316}.Release|Any CPU.ActiveCfg = Release|Any CPU
		{FD512446-D48E-4C31-92A8-424C588DE316}.Release|Any CPU.Build.0 = Release|Any CPU
		{8BA18FE7-D8A1-4DB1-B664-9538D6AE0445}.Debug|Any CPU.ActiveCfg = Debug|Any CPU
		{8BA18FE7-D8A1-4DB1-B664-9538D6AE0445}.Debug|Any CPU.Build.0 = Debug|Any CPU
		{8BA18FE7-D8A1-4DB1-B664-9538D6AE0445}.Release|Any CPU.ActiveCfg = Release|Any CPU
		{8BA18FE7-D8A1-4DB1-B664-9538D6AE0445}.Release|Any CPU.Build.0 = Release|Any CPU
		{86810F4F-936F-41AD-AA96-DB891D8417EC}.Debug|Any CPU.ActiveCfg = Debug|Any CPU
		{86810F4F-936F-41AD-AA96-DB891D8417EC}.Debug|Any CPU.Build.0 = Debug|Any CPU
		{86810F4F-936F-41AD-AA96-DB891D8417EC}.Release|Any CPU.ActiveCfg = Release|Any CPU
		{86810F4F-936F-41AD-AA96-DB891D8417EC}.Release|Any CPU.Build.0 = Release|Any CPU
		{38DFB401-91A5-436F-8591-D2033FB19365}.Debug|Any CPU.ActiveCfg = Debug|Any CPU
		{38DFB401-91A5-436F-8591-D2033FB19365}.Debug|Any CPU.Build.0 = Debug|Any CPU
		{38DFB401-91A5-436F-8591-D2033FB19365}.Release|Any CPU.ActiveCfg = Release|Any CPU
		{38DFB401-91A5-436F-8591-D2033FB19365}.Release|Any CPU.Build.0 = Release|Any CPU
		{3BE9458F-2C64-43AF-836B-6FD375E1EF94}.Debug|Any CPU.ActiveCfg = Debug|Any CPU
		{3BE9458F-2C64-43AF-836B-6FD375E1EF94}.Debug|Any CPU.Build.0 = Debug|Any CPU
		{3BE9458F-2C64-43AF-836B-6FD375E1EF94}.Release|Any CPU.ActiveCfg = Release|Any CPU
		{3BE9458F-2C64-43AF-836B-6FD375E1EF94}.Release|Any CPU.Build.0 = Release|Any CPU
		{D50E9745-76DD-4238-9485-B475E7BE4901}.Debug|Any CPU.ActiveCfg = Debug|Any CPU
		{D50E9745-76DD-4238-9485-B475E7BE4901}.Debug|Any CPU.Build.0 = Debug|Any CPU
		{D50E9745-76DD-4238-9485-B475E7BE4901}.Release|Any CPU.ActiveCfg = Release|Any CPU
		{D50E9745-76DD-4238-9485-B475E7BE4901}.Release|Any CPU.Build.0 = Release|Any CPU
		{661F3806-5053-4F3B-9978-094A09C2EFED}.Debug|Any CPU.ActiveCfg = Debug|Any CPU
		{661F3806-5053-4F3B-9978-094A09C2EFED}.Debug|Any CPU.Build.0 = Debug|Any CPU
		{661F3806-5053-4F3B-9978-094A09C2EFED}.Release|Any CPU.ActiveCfg = Release|Any CPU
		{661F3806-5053-4F3B-9978-094A09C2EFED}.Release|Any CPU.Build.0 = Release|Any CPU
		{25EF8295-CA10-428C-AA0F-4B44DCEDEDDE}.Debug|Any CPU.ActiveCfg = Debug|Any CPU
		{25EF8295-CA10-428C-AA0F-4B44DCEDEDDE}.Debug|Any CPU.Build.0 = Debug|Any CPU
		{25EF8295-CA10-428C-AA0F-4B44DCEDEDDE}.Release|Any CPU.ActiveCfg = Release|Any CPU
		{25EF8295-CA10-428C-AA0F-4B44DCEDEDDE}.Release|Any CPU.Build.0 = Release|Any CPU
		{17ED9F39-E1E5-499D-AABE-C1765ADE3C69}.Debug|Any CPU.ActiveCfg = Debug|Any CPU
		{17ED9F39-E1E5-499D-AABE-C1765ADE3C69}.Debug|Any CPU.Build.0 = Debug|Any CPU
		{17ED9F39-E1E5-499D-AABE-C1765ADE3C69}.Release|Any CPU.ActiveCfg = Release|Any CPU
		{17ED9F39-E1E5-499D-AABE-C1765ADE3C69}.Release|Any CPU.Build.0 = Release|Any CPU
	EndGlobalSection
	GlobalSection(SolutionProperties) = preSolution
		HideSolutionNode = FALSE
	EndGlobalSection
	GlobalSection(ExtensibilityGlobals) = postSolution
		SolutionGuid = {95F3993F-CF90-4BA4-8CF8-66945D753CCD}
	EndGlobalSection
EndGlobal
